
Microsoft Visual Studio Solution File, Format Version 12.00
# Visual Studio Version 16
VisualStudioVersion = 16.0.31025.194
MinimumVisualStudioVersion = 10.0.40219.1
Project("{9A19103F-16F7-4668-BE54-9A1E7A4F7556}") = "MetricsManager", "TaskAPI-2-1\MetricsManager.csproj", "{DC5BB480-8459-4AB8-8E65-5D911AB2CDDB}"
EndProject
Project("{9A19103F-16F7-4668-BE54-9A1E7A4F7556}") = "MetricsAgent", "MetricsAgent\MetricsAgent.csproj", "{8682CDC2-6448-4511-BEB5-C6FEFD93A5D2}"
EndProject
Project("{9A19103F-16F7-4668-BE54-9A1E7A4F7556}") = "MetricsManagerTest", "MetricsManagerTest\MetricsManagerTest.csproj", "{60252FCD-DEAA-48E4-9545-F4CEE53B1DBB}"
EndProject
Project("{9A19103F-16F7-4668-BE54-9A1E7A4F7556}") = "MetricsAgentTest", "MetricsAgentTest\MetricsAgentTest.csproj", "{7B84138B-4D58-4F15-A7BB-79DE92CD5F80}"
EndProject
Project("{FAE04EC0-301F-11D3-BF4B-00C04F79EFBC}") = "WPFManager", "WPFManager\WPFManager.csproj", "{3279DE8C-FD69-4BED-9ECD-135E387D8B1D}"
EndProject
Global
	GlobalSection(SolutionConfigurationPlatforms) = preSolution
		Debug|Any CPU = Debug|Any CPU
		Release|Any CPU = Release|Any CPU
	EndGlobalSection
	GlobalSection(ProjectConfigurationPlatforms) = postSolution
		{DC5BB480-8459-4AB8-8E65-5D911AB2CDDB}.Debug|Any CPU.ActiveCfg = Debug|Any CPU
		{DC5BB480-8459-4AB8-8E65-5D911AB2CDDB}.Debug|Any CPU.Build.0 = Debug|Any CPU
		{DC5BB480-8459-4AB8-8E65-5D911AB2CDDB}.Release|Any CPU.ActiveCfg = Release|Any CPU
		{DC5BB480-8459-4AB8-8E65-5D911AB2CDDB}.Release|Any CPU.Build.0 = Release|Any CPU
		{8682CDC2-6448-4511-BEB5-C6FEFD93A5D2}.Debug|Any CPU.ActiveCfg = Debug|Any CPU
		{8682CDC2-6448-4511-BEB5-C6FEFD93A5D2}.Debug|Any CPU.Build.0 = Debug|Any CPU
		{8682CDC2-6448-4511-BEB5-C6FEFD93A5D2}.Release|Any CPU.ActiveCfg = Release|Any CPU
		{8682CDC2-6448-4511-BEB5-C6FEFD93A5D2}.Release|Any CPU.Build.0 = Release|Any CPU
		{60252FCD-DEAA-48E4-9545-F4CEE53B1DBB}.Debug|Any CPU.ActiveCfg = Debug|Any CPU
		{60252FCD-DEAA-48E4-9545-F4CEE53B1DBB}.Debug|Any CPU.Build.0 = Debug|Any CPU
		{60252FCD-DEAA-48E4-9545-F4CEE53B1DBB}.Release|Any CPU.ActiveCfg = Release|Any CPU
		{60252FCD-DEAA-48E4-9545-F4CEE53B1DBB}.Release|Any CPU.Build.0 = Release|Any CPU
		{7B84138B-4D58-4F15-A7BB-79DE92CD5F80}.Debug|Any CPU.ActiveCfg = Debug|Any CPU
		{7B84138B-4D58-4F15-A7BB-79DE92CD5F80}.Debug|Any CPU.Build.0 = Debug|Any CPU
		{7B84138B-4D58-4F15-A7BB-79DE92CD5F80}.Release|Any CPU.ActiveCfg = Release|Any CPU
		{7B84138B-4D58-4F15-A7BB-79DE92CD5F80}.Release|Any CPU.Build.0 = Release|Any CPU
		{3279DE8C-FD69-4BED-9ECD-135E387D8B1D}.Debug|Any CPU.ActiveCfg = Debug|Any CPU
		{3279DE8C-FD69-4BED-9ECD-135E387D8B1D}.Debug|Any CPU.Build.0 = Debug|Any CPU
		{3279DE8C-FD69-4BED-9ECD-135E387D8B1D}.Release|Any CPU.ActiveCfg = Release|Any CPU
		{3279DE8C-FD69-4BED-9ECD-135E387D8B1D}.Release|Any CPU.Build.0 = Release|Any CPU
	EndGlobalSection
	GlobalSection(SolutionProperties) = preSolution
		HideSolutionNode = FALSE
	EndGlobalSection
	GlobalSection(ExtensibilityGlobals) = postSolution
		SolutionGuid = {E64F5A7D-89ED-4861-990D-19D77E2E640A}
	EndGlobalSection
EndGlobal
